id: ieee802_11_ofdm_sampler
label: OFDM Sampler
category: "[ieee802_11]"
templates:
  imports: import ieee802_11
  make: ieee802_11.ofdm_sampler(${fft_length}, ${symbol_length}, ${timeout})
parameters:
  - id: fft_length
    label: FFT Length
    dtype: int
  - id: symbol_length
    label: Symbol Length
    dtype: int
  - id: timeout
    label: Timeout
    dtype: int
    default: "1000"
inputs:
  - label: in
    domain: stream
    dtype: complex
  - label: flag
    domain: stream
    dtype: byte
outputs:
  - label: out
    domain: stream
    dtype: complex
    vlen: ${fft_length}
  - label: flag
    domain: stream
    dtype: byte
    vlen: ${fft_length}
file_format: 1
